
Microsoft Visual Studio Solution File, Format Version 12.00
# Visual Studio Version 16
VisualStudioVersion = 16.0.30330.147
MinimumVisualStudioVersion = 10.0.40219.1
Project("{8BC9CEB8-8B4A-11D0-8D11-00A0C91BC942}") = "курSUCH", "курSUCH.vcxproj", "{CD9EA2B1-718A-459D-884E-18B5DCF012ED}"
EndProject
Global
	GlobalSection(SolutionConfigurationPlatforms) = preSolution
		Debug|x64 = Debug|x64
		Debug|x86 = Debug|x86
		Release|x64 = Release|x64
		Release|x86 = Release|x86
	EndGlobalSection
	GlobalSection(ProjectConfigurationPlatforms) = postSolution
		{CD9EA2B1-718A-459D-884E-18B5DCF012ED}.Debug|x64.ActiveCfg = Debug|x64
		{CD9EA2B1-718A-459D-884E-18B5DCF012ED}.Debug|x64.Build.0 = Debug|x64
		{CD9EA2B1-718A-459D-884E-18B5DCF012ED}.Debug|x86.ActiveCfg = Debug|Win32
		{CD9EA2B1-718A-459D-884E-18B5DCF012ED}.Debug|x86.Build.0 = Debug|Win32
		{CD9EA2B1-718A-459D-884E-18B5DCF012ED}.Release|x64.ActiveCfg = Release|x64
		{CD9EA2B1-718A-459D-884E-18B5DCF012ED}.Release|x64.Build.0 = Release|x64
		{CD9EA2B1-718A-459D-884E-18B5DCF012ED}.Release|x86.ActiveCfg = Release|Win32
		{CD9EA2B1-718A-459D-884E-18B5DCF012ED}.Release|x86.Build.0 = Release|Win32
	EndGlobalSection
	GlobalSection(SolutionProperties) = preSolution
		HideSolutionNode = FALSE
	EndGlobalSection
	GlobalSection(ExtensibilityGlobals) = postSolution
		SolutionGuid = {0D3584F1-20F8-4357-8D19-77F9CF52D931}
	EndGlobalSection
EndGlobal
